{
  "name": "albumsorter",
  "version": "1.0.0",
  "lockfileVersion": 1,
  "requires": true,
  "dependencies": {
    "adler32-js": {
      "version": "1.0.2",
      "resolved": "https://registry.npmjs.org/adler32-js/-/adler32-js-1.0.2.tgz",
      "integrity": "sha1-H9xs9uOAYLnb4TXELdMB7lGk+ko="
    },
    "colors": {
      "version": "1.1.2",
      "resolved": "https://registry.npmjs.org/colors/-/colors-1.1.2.tgz",
      "integrity": "sha1-FopHAXVran9RoSzgyXv6KMCE7WM="
    }
  }
}
